
Microsoft Visual Studio Solution File, Format Version 12.00
# Visual Studio Version 16
<<<<<<< HEAD
VisualStudioVersion = 16.0.30804.86
=======
VisualStudioVersion = 16.0.32002.261
>>>>>>> 9e20d14904ff642581e431c3de5746e7ac3ea004
MinimumVisualStudioVersion = 10.0.40219.1
Project("{8BC9CEB8-8B4A-11D0-8D11-00A0C91BC942}") = "Remainder", "Remainder\Remainder.vcxproj", "{8BF5566B-6021-464F-BF9C-E3343ADA7FA3}"
EndProject
Project("{8BC9CEB8-8B4A-11D0-8D11-00A0C91BC942}") = "2588", "2588\2588.vcxproj", "{5076649E-F5A7-466D-82B4-EEEE134BF934}"
EndProject
Project("{8BC9CEB8-8B4A-11D0-8D11-00A0C91BC942}") = "IF2884", "IF2884\IF2884.vcxproj", "{3C6C3B26-475E-4A93-82C4-0EF1467878B3}"
EndProject
Project("{8BC9CEB8-8B4A-11D0-8D11-00A0C91BC942}") = "For2739 GUGUDAN", "For2739 GUGUDAN\For2739 GUGUDAN.vcxproj", "{D5CAAB55-F489-421C-90E7-835B7A34ECEF}"
EndProject
Project("{8BC9CEB8-8B4A-11D0-8D11-00A0C91BC942}") = "For10950", "For10950\For10950.vcxproj", "{C1159262-BFA3-46FE-A374-6F1FC596EC51}"
EndProject
Project("{8BC9CEB8-8B4A-11D0-8D11-00A0C91BC942}") = "For8393", "For8393\For8393.vcxproj", "{568F95CF-A1FE-4039-A32F-8C312950CDAF}"
EndProject
Project("{8BC9CEB8-8B4A-11D0-8D11-00A0C91BC942}") = "For15552", "For15552\For15552.vcxproj", "{BD6E5EE0-132D-46CF-B139-AD3B44353A3C}"
EndProject
Project("{8BC9CEB8-8B4A-11D0-8D11-00A0C91BC942}") = "For2741", "For2741\For2741.vcxproj", "{B3A25A97-9486-4F97-ADC5-961916CF5FB9}"
EndProject
Project("{8BC9CEB8-8B4A-11D0-8D11-00A0C91BC942}") = "For2742", "For2742\For2742.vcxproj", "{2AC3A835-D1F8-45BB-BF82-F9ACB515B75B}"
EndProject
Project("{8BC9CEB8-8B4A-11D0-8D11-00A0C91BC942}") = "For11021", "For11021\For11021.vcxproj", "{288F6895-ED92-4482-9649-FE87691D6D80}"
EndProject
Project("{8BC9CEB8-8B4A-11D0-8D11-00A0C91BC942}") = "For11022", "For11022\For11022.vcxproj", "{A627CF5B-1878-4020-A5C2-2305F17E199A}"
EndProject
Project("{8BC9CEB8-8B4A-11D0-8D11-00A0C91BC942}") = "For2438", "For2438\For2438.vcxproj", "{482D2C57-DCBE-47DA-BFB3-874378AC528D}"
EndProject
Project("{8BC9CEB8-8B4A-11D0-8D11-00A0C91BC942}") = "For2439", "For2439\For2439.vcxproj", "{3F5624E7-FDFC-4E55-812C-5E468C7905C7}"
EndProject
Project("{8BC9CEB8-8B4A-11D0-8D11-00A0C91BC942}") = "For10871", "For10871\For10871.vcxproj", "{BA0F04E5-D561-44E5-BF6B-0BF9CE57985A}"
EndProject
Project("{8BC9CEB8-8B4A-11D0-8D11-00A0C91BC942}") = "While10952", "While10952\While10952.vcxproj", "{CBDECEB5-6BCD-4E6A-AA41-16EB0E18BB75}"
EndProject
Project("{8BC9CEB8-8B4A-11D0-8D11-00A0C91BC942}") = "While1110", "While1110\While1110.vcxproj", "{55952B41-76E2-4F2A-A248-B030AC2D609C}"
EndProject
Project("{8BC9CEB8-8B4A-11D0-8D11-00A0C91BC942}") = "Array10818", "Array10818\Array10818.vcxproj", "{D5B6C3D1-1571-4C6A-9DB5-9868D3840B0B}"
EndProject
Project("{8BC9CEB8-8B4A-11D0-8D11-00A0C91BC942}") = "Array2562", "Array2562\Array2562.vcxproj", "{D571C0B8-3C20-478E-A726-E0EBFE5683D4}"
EndProject
Project("{8BC9CEB8-8B4A-11D0-8D11-00A0C91BC942}") = "Array2577", "Array2577\Array2577.vcxproj", "{D4E3E193-FBD2-4E35-B79D-D1F2CB1E3084}"
EndProject
Project("{8BC9CEB8-8B4A-11D0-8D11-00A0C91BC942}") = "Array3052", "Array3052\Array3052.vcxproj", "{9FAED2C7-9BBC-45F6-AB2B-604883EAD1A0}"
EndProject
Project("{8BC9CEB8-8B4A-11D0-8D11-00A0C91BC942}") = "Array1546", "Array1546\Array1546.vcxproj", "{CEC45AE9-F646-435C-B07E-653A34C5C030}"
EndProject
Project("{8BC9CEB8-8B4A-11D0-8D11-00A0C91BC942}") = "Array8958", "Array8958\Array8958.vcxproj", "{B3EA5825-5A5F-4ACF-82C4-1E3D3CF8AAC3}"
EndProject
Project("{8BC9CEB8-8B4A-11D0-8D11-00A0C91BC942}") = "Array4344", "Array4344\Array4344.vcxproj", "{D5BF8956-C487-462F-9ECE-68841932AAFA}"
EndProject
Project("{8BC9CEB8-8B4A-11D0-8D11-00A0C91BC942}") = "function15596", "function15596\function15596.vcxproj", "{8A0CD1A9-FF4F-45F2-B0A6-3C12E3E9C5AE}"
EndProject
Project("{8BC9CEB8-8B4A-11D0-8D11-00A0C91BC942}") = "function4673", "function4673\function4673.vcxproj", "{90D23F6E-EFDE-4C47-8EE2-FFFDDF3C68D6}"
EndProject
Project("{8BC9CEB8-8B4A-11D0-8D11-00A0C91BC942}") = "function1065", "function1065\function1065.vcxproj", "{6073F3A5-8AC1-45A3-A12F-1C2F9195F3C6}"
EndProject
Project("{8BC9CEB8-8B4A-11D0-8D11-00A0C91BC942}") = "string10809", "string10809\string10809.vcxproj", "{EDE58DE9-56AA-438C-AD00-294297CB793E}"
EndProject
Project("{8BC9CEB8-8B4A-11D0-8D11-00A0C91BC942}") = "string2675", "string2675\string2675.vcxproj", "{D644665E-DEA3-42EF-B14E-84748D4C6A04}"
EndProject
Project("{8BC9CEB8-8B4A-11D0-8D11-00A0C91BC942}") = "string1157", "string1157\string1157.vcxproj", "{808317C2-7FE1-4988-8E5B-3944594D3D3F}"
EndProject
Project("{8BC9CEB8-8B4A-11D0-8D11-00A0C91BC942}") = "string1152", "string1152\string1152.vcxproj", "{3F680FAE-6F67-4995-A0F1-35925DD35E3F}"
EndProject
Project("{8BC9CEB8-8B4A-11D0-8D11-00A0C91BC942}") = "string2908", "string2908\string2908.vcxproj", "{B2FA1FCD-4319-4A0F-82A1-578627F38314}"
EndProject
Project("{8BC9CEB8-8B4A-11D0-8D11-00A0C91BC942}") = "string5622", "string5622\string5622.vcxproj", "{7518C76F-94AF-4B34-9919-B4FE94E26318}"
EndProject
Project("{8BC9CEB8-8B4A-11D0-8D11-00A0C91BC942}") = "string2941", "string2941\string2941.vcxproj", "{9DB263C0-1B62-428F-AD5C-F0DD2DFD0D4C}"
EndProject
Project("{8BC9CEB8-8B4A-11D0-8D11-00A0C91BC942}") = "string1316", "string1316\string1316.vcxproj", "{4FF35340-0CBA-4567-BE18-8E77B106290F}"
EndProject
Project("{8BC9CEB8-8B4A-11D0-8D11-00A0C91BC942}") = "BasicMath1(1712)", "BasicMath1(1712)\BasicMath1(1712).vcxproj", "{7D89DA40-D223-4773-927D-61248D8ED793}"
EndProject
Project("{8BC9CEB8-8B4A-11D0-8D11-00A0C91BC942}") = "BasicMathOnee2292", "BasicMathOnee2292\BasicMathOnee2292.vcxproj", "{4509A7B9-728F-4BD9-ACEF-FBE1445C00BD}"
EndProject
Project("{8BC9CEB8-8B4A-11D0-8D11-00A0C91BC942}") = "BasicMathOne1193", "BasicMathOne1193\BasicMathOne1193.vcxproj", "{13492985-CA2C-4D95-878D-FE60100E68CC}"
EndProject
Project("{8BC9CEB8-8B4A-11D0-8D11-00A0C91BC942}") = "BasicMathOne2869", "BasicMathOne2869\BasicMathOne2869.vcxproj", "{50A6AC2F-25FB-4F5D-BA6F-41841208A147}"
EndProject
Project("{8BC9CEB8-8B4A-11D0-8D11-00A0C91BC942}") = "BasicMathOne10250", "BasicMathOne10250\BasicMathOne10250.vcxproj", "{495C25E0-CD5B-4343-917E-B9CCD8F2235B}"
EndProject
Project("{8BC9CEB8-8B4A-11D0-8D11-00A0C91BC942}") = "BasicMathOne2775", "BasicMathOne2775\BasicMathOne2775.vcxproj", "{0157AB2E-871E-4E8E-8024-3ADF6BD64D7F}"
EndProject
Project("{8BC9CEB8-8B4A-11D0-8D11-00A0C91BC942}") = "BasicMathOne2839", "BasicMathOne2839\BasicMathOne2839.vcxproj", "{E031D37E-98F3-416B-9873-21664C3D32D9}"
EndProject
Project("{8BC9CEB8-8B4A-11D0-8D11-00A0C91BC942}") = "BasicMathOne10757", "BasicMathOne10757\BasicMathOne10757.vcxproj", "{44C03985-8740-4CA2-A73C-1B6130A52166}"
EndProject
Project("{8BC9CEB8-8B4A-11D0-8D11-00A0C91BC942}") = "BasicMathOne1011", "BasicMathOne1011\BasicMathOne1011.vcxproj", "{CBB15596-4B6A-41F3-A5D6-50FA03FFF5BD}"
EndProject
Project("{8BC9CEB8-8B4A-11D0-8D11-00A0C91BC942}") = "BasicMathTwo1978", "BasicMathTwo1978\BasicMathTwo1978.vcxproj", "{3088AE1A-5499-41C3-A62E-CBD797062CCA}"
EndProject
Project("{8BC9CEB8-8B4A-11D0-8D11-00A0C91BC942}") = "BasicMathTwo2581", "BasicMathTwo2581\BasicMathTwo2581.vcxproj", "{AE233442-44C8-489F-9A9B-F57F22E6B75F}"
EndProject
Project("{8BC9CEB8-8B4A-11D0-8D11-00A0C91BC942}") = "BasicMathTwo11653", "BasicMathTwo11653\BasicMathTwo11653.vcxproj", "{0779EC9A-448C-40DD-9ED9-E3956CF2616C}"
EndProject
Project("{8BC9CEB8-8B4A-11D0-8D11-00A0C91BC942}") = "BasicMathTwo1929", "BasicMathTwo1929\BasicMathTwo1929.vcxproj", "{E0AA41CC-D9E1-4147-A1CF-CAABBABCDC4A}"
EndProject
Project("{8BC9CEB8-8B4A-11D0-8D11-00A0C91BC942}") = "BasicMathTwo4948", "BasicMathTwo4948\BasicMathTwo4948.vcxproj", "{1F938E20-ACD0-4C24-9C03-B2A162B48355}"
EndProject
Project("{8BC9CEB8-8B4A-11D0-8D11-00A0C91BC942}") = "BasicMathTwo9020", "BasicMathTwo9020\BasicMathTwo9020.vcxproj", "{284A6A23-34FE-40E8-A3E8-1814D6A9A995}"
EndProject
Project("{8BC9CEB8-8B4A-11D0-8D11-00A0C91BC942}") = "BasicMathTwo1085", "BasicMathTwo1085\BasicMathTwo1085.vcxproj", "{5DB1A59B-6C80-4992-B40B-AC6E5A1A0D51}"
EndProject
Project("{8BC9CEB8-8B4A-11D0-8D11-00A0C91BC942}") = "BasicMathTwo3009", "BasicMathTwo3009\BasicMathTwo3009.vcxproj", "{277A0D5A-FDB6-4BE1-B40D-9E0E212F69F0}"
EndProject
Project("{8BC9CEB8-8B4A-11D0-8D11-00A0C91BC942}") = "BasicMathTwo4153", "BasicMathTwo4153\BasicMathTwo4153.vcxproj", "{8B46E3E8-EA97-4BDB-BA63-98A8E2B853F6}"
EndProject
Project("{8BC9CEB8-8B4A-11D0-8D11-00A0C91BC942}") = "BasicMathTwo3053", "BasicMathTwo3053\BasicMathTwo3053.vcxproj", "{704D0F52-3927-45CD-8894-48C165E21BB0}"
EndProject
Project("{8BC9CEB8-8B4A-11D0-8D11-00A0C91BC942}") = "Diamond1028", "Diamond1028\Diamond1028.vcxproj", "{114C698F-9C50-4A48-A38F-9A058FD05109}"
EndProject
Project("{8BC9CEB8-8B4A-11D0-8D11-00A0C91BC942}") = "BasicMathTwo1002(tarret)", "BasicMathTwo1002(tarret)\BasicMathTwo1002(tarret).vcxproj", "{A10F491A-D204-4B98-A3B8-08E28B0E56EA}"
EndProject
Project("{8BC9CEB8-8B4A-11D0-8D11-00A0C91BC942}") = "RecursiveFunction10872", "RecursiveFunction10872\RecursiveFunction10872.vcxproj", "{70876AF7-4AC7-447D-B246-F2700C3A5F0A}"
EndProject
Project("{8BC9CEB8-8B4A-11D0-8D11-00A0C91BC942}") = "RecursiveFunction10870", "RecursiveFunction10870\RecursiveFunction10870.vcxproj", "{E491325B-E3FE-4981-9BDB-7390CFCB69F0}"
EndProject
Project("{8BC9CEB8-8B4A-11D0-8D11-00A0C91BC942}") = "RecursiveFunction2447", "RecursiveFunction2447\RecursiveFunction2447.vcxproj", "{BDE652BB-97C4-447E-8A0B-970F5C03E95B}"
EndProject
Project("{8BC9CEB8-8B4A-11D0-8D11-00A0C91BC942}") = "RecursiveFunction11729", "RecursiveFunction11729\RecursiveFunction11729.vcxproj", "{D6D99BE5-865D-4150-B1D1-015CEADB4AA5}"
EndProject
Project("{8BC9CEB8-8B4A-11D0-8D11-00A0C91BC942}") = "bruteforce2798", "brute force2798\brute force2798.vcxproj", "{F0C755A4-468D-4DFA-A1A5-31291146AC01}"
EndProject
Project("{8BC9CEB8-8B4A-11D0-8D11-00A0C91BC942}") = "23303", "23303\23303.vcxproj", "{4E4C230B-E1C6-4031-A582-EC4CF25F72C9}"
EndProject
Project("{8BC9CEB8-8B4A-11D0-8D11-00A0C91BC942}") = "bruteforce7568", "bruteforce7568\bruteforce7568.vcxproj", "{D2B49626-B750-4B83-85FB-676CDCE75896}"
EndProject
Project("{8BC9CEB8-8B4A-11D0-8D11-00A0C91BC942}") = "Bruteforce2231", "Bruteforce2231\Bruteforce2231.vcxproj", "{63F9D8E9-5E24-4D67-B29B-9F5BD47771FF}"
EndProject
Project("{8BC9CEB8-8B4A-11D0-8D11-00A0C91BC942}") = "sort2751", "sort2751\sort2751.vcxproj", "{9F043A73-08C0-4673-BFE1-D43211093D44}"
EndProject
Project("{8BC9CEB8-8B4A-11D0-8D11-00A0C91BC942}") = "sort2751", "sort2751\sort2751.vcxproj", "{B74062EF-ED0A-412C-8A54-BDA875AE054F}"
EndProject
Project("{8BC9CEB8-8B4A-11D0-8D11-00A0C91BC942}") = "sort10989", "sort10989\sort10989.vcxproj", "{E6517380-A1C9-4335-8B4B-A1B8430431CA}"
EndProject
Project("{8BC9CEB8-8B4A-11D0-8D11-00A0C91BC942}") = "sort2108", "sort2108\sort2108.vcxproj", "{AC8D20EA-AA87-460F-8B67-F765B3D1042B}"
EndProject
Global
	GlobalSection(SolutionConfigurationPlatforms) = preSolution
		Debug|x64 = Debug|x64
		Debug|x86 = Debug|x86
		Release|x64 = Release|x64
		Release|x86 = Release|x86
	EndGlobalSection
	GlobalSection(ProjectConfigurationPlatforms) = postSolution
		{8BF5566B-6021-464F-BF9C-E3343ADA7FA3}.Debug|x64.ActiveCfg = Debug|x64
		{8BF5566B-6021-464F-BF9C-E3343ADA7FA3}.Debug|x64.Build.0 = Debug|x64
		{8BF5566B-6021-464F-BF9C-E3343ADA7FA3}.Debug|x86.ActiveCfg = Debug|Win32
		{8BF5566B-6021-464F-BF9C-E3343ADA7FA3}.Debug|x86.Build.0 = Debug|Win32
		{8BF5566B-6021-464F-BF9C-E3343ADA7FA3}.Release|x64.ActiveCfg = Release|x64
		{8BF5566B-6021-464F-BF9C-E3343ADA7FA3}.Release|x64.Build.0 = Release|x64
		{8BF5566B-6021-464F-BF9C-E3343ADA7FA3}.Release|x86.ActiveCfg = Release|Win32
		{8BF5566B-6021-464F-BF9C-E3343ADA7FA3}.Release|x86.Build.0 = Release|Win32
		{5076649E-F5A7-466D-82B4-EEEE134BF934}.Debug|x64.ActiveCfg = Debug|x64
		{5076649E-F5A7-466D-82B4-EEEE134BF934}.Debug|x64.Build.0 = Debug|x64
		{5076649E-F5A7-466D-82B4-EEEE134BF934}.Debug|x86.ActiveCfg = Debug|Win32
		{5076649E-F5A7-466D-82B4-EEEE134BF934}.Debug|x86.Build.0 = Debug|Win32
		{5076649E-F5A7-466D-82B4-EEEE134BF934}.Release|x64.ActiveCfg = Release|x64
		{5076649E-F5A7-466D-82B4-EEEE134BF934}.Release|x64.Build.0 = Release|x64
		{5076649E-F5A7-466D-82B4-EEEE134BF934}.Release|x86.ActiveCfg = Release|Win32
		{5076649E-F5A7-466D-82B4-EEEE134BF934}.Release|x86.Build.0 = Release|Win32
		{3C6C3B26-475E-4A93-82C4-0EF1467878B3}.Debug|x64.ActiveCfg = Debug|x64
		{3C6C3B26-475E-4A93-82C4-0EF1467878B3}.Debug|x64.Build.0 = Debug|x64
		{3C6C3B26-475E-4A93-82C4-0EF1467878B3}.Debug|x86.ActiveCfg = Debug|Win32
		{3C6C3B26-475E-4A93-82C4-0EF1467878B3}.Debug|x86.Build.0 = Debug|Win32
		{3C6C3B26-475E-4A93-82C4-0EF1467878B3}.Release|x64.ActiveCfg = Release|x64
		{3C6C3B26-475E-4A93-82C4-0EF1467878B3}.Release|x64.Build.0 = Release|x64
		{3C6C3B26-475E-4A93-82C4-0EF1467878B3}.Release|x86.ActiveCfg = Release|Win32
		{3C6C3B26-475E-4A93-82C4-0EF1467878B3}.Release|x86.Build.0 = Release|Win32
		{D5CAAB55-F489-421C-90E7-835B7A34ECEF}.Debug|x64.ActiveCfg = Debug|x64
		{D5CAAB55-F489-421C-90E7-835B7A34ECEF}.Debug|x64.Build.0 = Debug|x64
		{D5CAAB55-F489-421C-90E7-835B7A34ECEF}.Debug|x86.ActiveCfg = Debug|Win32
		{D5CAAB55-F489-421C-90E7-835B7A34ECEF}.Debug|x86.Build.0 = Debug|Win32
		{D5CAAB55-F489-421C-90E7-835B7A34ECEF}.Release|x64.ActiveCfg = Release|x64
		{D5CAAB55-F489-421C-90E7-835B7A34ECEF}.Release|x64.Build.0 = Release|x64
		{D5CAAB55-F489-421C-90E7-835B7A34ECEF}.Release|x86.ActiveCfg = Release|Win32
		{D5CAAB55-F489-421C-90E7-835B7A34ECEF}.Release|x86.Build.0 = Release|Win32
		{C1159262-BFA3-46FE-A374-6F1FC596EC51}.Debug|x64.ActiveCfg = Debug|x64
		{C1159262-BFA3-46FE-A374-6F1FC596EC51}.Debug|x64.Build.0 = Debug|x64
		{C1159262-BFA3-46FE-A374-6F1FC596EC51}.Debug|x86.ActiveCfg = Debug|Win32
		{C1159262-BFA3-46FE-A374-6F1FC596EC51}.Debug|x86.Build.0 = Debug|Win32
		{C1159262-BFA3-46FE-A374-6F1FC596EC51}.Release|x64.ActiveCfg = Release|x64
		{C1159262-BFA3-46FE-A374-6F1FC596EC51}.Release|x64.Build.0 = Release|x64
		{C1159262-BFA3-46FE-A374-6F1FC596EC51}.Release|x86.ActiveCfg = Release|Win32
		{C1159262-BFA3-46FE-A374-6F1FC596EC51}.Release|x86.Build.0 = Release|Win32
		{568F95CF-A1FE-4039-A32F-8C312950CDAF}.Debug|x64.ActiveCfg = Debug|x64
		{568F95CF-A1FE-4039-A32F-8C312950CDAF}.Debug|x64.Build.0 = Debug|x64
		{568F95CF-A1FE-4039-A32F-8C312950CDAF}.Debug|x86.ActiveCfg = Debug|Win32
		{568F95CF-A1FE-4039-A32F-8C312950CDAF}.Debug|x86.Build.0 = Debug|Win32
		{568F95CF-A1FE-4039-A32F-8C312950CDAF}.Release|x64.ActiveCfg = Release|x64
		{568F95CF-A1FE-4039-A32F-8C312950CDAF}.Release|x64.Build.0 = Release|x64
		{568F95CF-A1FE-4039-A32F-8C312950CDAF}.Release|x86.ActiveCfg = Release|Win32
		{568F95CF-A1FE-4039-A32F-8C312950CDAF}.Release|x86.Build.0 = Release|Win32
		{BD6E5EE0-132D-46CF-B139-AD3B44353A3C}.Debug|x64.ActiveCfg = Debug|x64
		{BD6E5EE0-132D-46CF-B139-AD3B44353A3C}.Debug|x64.Build.0 = Debug|x64
		{BD6E5EE0-132D-46CF-B139-AD3B44353A3C}.Debug|x86.ActiveCfg = Debug|Win32
		{BD6E5EE0-132D-46CF-B139-AD3B44353A3C}.Debug|x86.Build.0 = Debug|Win32
		{BD6E5EE0-132D-46CF-B139-AD3B44353A3C}.Release|x64.ActiveCfg = Release|x64
		{BD6E5EE0-132D-46CF-B139-AD3B44353A3C}.Release|x64.Build.0 = Release|x64
		{BD6E5EE0-132D-46CF-B139-AD3B44353A3C}.Release|x86.ActiveCfg = Release|Win32
		{BD6E5EE0-132D-46CF-B139-AD3B44353A3C}.Release|x86.Build.0 = Release|Win32
		{B3A25A97-9486-4F97-ADC5-961916CF5FB9}.Debug|x64.ActiveCfg = Debug|x64
		{B3A25A97-9486-4F97-ADC5-961916CF5FB9}.Debug|x64.Build.0 = Debug|x64
		{B3A25A97-9486-4F97-ADC5-961916CF5FB9}.Debug|x86.ActiveCfg = Debug|Win32
		{B3A25A97-9486-4F97-ADC5-961916CF5FB9}.Debug|x86.Build.0 = Debug|Win32
		{B3A25A97-9486-4F97-ADC5-961916CF5FB9}.Release|x64.ActiveCfg = Release|x64
		{B3A25A97-9486-4F97-ADC5-961916CF5FB9}.Release|x64.Build.0 = Release|x64
		{B3A25A97-9486-4F97-ADC5-961916CF5FB9}.Release|x86.ActiveCfg = Release|Win32
		{B3A25A97-9486-4F97-ADC5-961916CF5FB9}.Release|x86.Build.0 = Release|Win32
		{2AC3A835-D1F8-45BB-BF82-F9ACB515B75B}.Debug|x64.ActiveCfg = Debug|x64
		{2AC3A835-D1F8-45BB-BF82-F9ACB515B75B}.Debug|x64.Build.0 = Debug|x64
		{2AC3A835-D1F8-45BB-BF82-F9ACB515B75B}.Debug|x86.ActiveCfg = Debug|Win32
		{2AC3A835-D1F8-45BB-BF82-F9ACB515B75B}.Debug|x86.Build.0 = Debug|Win32
		{2AC3A835-D1F8-45BB-BF82-F9ACB515B75B}.Release|x64.ActiveCfg = Release|x64
		{2AC3A835-D1F8-45BB-BF82-F9ACB515B75B}.Release|x64.Build.0 = Release|x64
		{2AC3A835-D1F8-45BB-BF82-F9ACB515B75B}.Release|x86.ActiveCfg = Release|Win32
		{2AC3A835-D1F8-45BB-BF82-F9ACB515B75B}.Release|x86.Build.0 = Release|Win32
		{288F6895-ED92-4482-9649-FE87691D6D80}.Debug|x64.ActiveCfg = Debug|x64
		{288F6895-ED92-4482-9649-FE87691D6D80}.Debug|x64.Build.0 = Debug|x64
		{288F6895-ED92-4482-9649-FE87691D6D80}.Debug|x86.ActiveCfg = Debug|Win32
		{288F6895-ED92-4482-9649-FE87691D6D80}.Debug|x86.Build.0 = Debug|Win32
		{288F6895-ED92-4482-9649-FE87691D6D80}.Release|x64.ActiveCfg = Release|x64
		{288F6895-ED92-4482-9649-FE87691D6D80}.Release|x64.Build.0 = Release|x64
		{288F6895-ED92-4482-9649-FE87691D6D80}.Release|x86.ActiveCfg = Release|Win32
		{288F6895-ED92-4482-9649-FE87691D6D80}.Release|x86.Build.0 = Release|Win32
		{A627CF5B-1878-4020-A5C2-2305F17E199A}.Debug|x64.ActiveCfg = Debug|x64
		{A627CF5B-1878-4020-A5C2-2305F17E199A}.Debug|x64.Build.0 = Debug|x64
		{A627CF5B-1878-4020-A5C2-2305F17E199A}.Debug|x86.ActiveCfg = Debug|Win32
		{A627CF5B-1878-4020-A5C2-2305F17E199A}.Debug|x86.Build.0 = Debug|Win32
		{A627CF5B-1878-4020-A5C2-2305F17E199A}.Release|x64.ActiveCfg = Release|x64
		{A627CF5B-1878-4020-A5C2-2305F17E199A}.Release|x64.Build.0 = Release|x64
		{A627CF5B-1878-4020-A5C2-2305F17E199A}.Release|x86.ActiveCfg = Release|Win32
		{A627CF5B-1878-4020-A5C2-2305F17E199A}.Release|x86.Build.0 = Release|Win32
		{482D2C57-DCBE-47DA-BFB3-874378AC528D}.Debug|x64.ActiveCfg = Debug|x64
		{482D2C57-DCBE-47DA-BFB3-874378AC528D}.Debug|x64.Build.0 = Debug|x64
		{482D2C57-DCBE-47DA-BFB3-874378AC528D}.Debug|x86.ActiveCfg = Debug|Win32
		{482D2C57-DCBE-47DA-BFB3-874378AC528D}.Debug|x86.Build.0 = Debug|Win32
		{482D2C57-DCBE-47DA-BFB3-874378AC528D}.Release|x64.ActiveCfg = Release|x64
		{482D2C57-DCBE-47DA-BFB3-874378AC528D}.Release|x64.Build.0 = Release|x64
		{482D2C57-DCBE-47DA-BFB3-874378AC528D}.Release|x86.ActiveCfg = Release|Win32
		{482D2C57-DCBE-47DA-BFB3-874378AC528D}.Release|x86.Build.0 = Release|Win32
		{3F5624E7-FDFC-4E55-812C-5E468C7905C7}.Debug|x64.ActiveCfg = Debug|x64
		{3F5624E7-FDFC-4E55-812C-5E468C7905C7}.Debug|x64.Build.0 = Debug|x64
		{3F5624E7-FDFC-4E55-812C-5E468C7905C7}.Debug|x86.ActiveCfg = Debug|Win32
		{3F5624E7-FDFC-4E55-812C-5E468C7905C7}.Debug|x86.Build.0 = Debug|Win32
		{3F5624E7-FDFC-4E55-812C-5E468C7905C7}.Release|x64.ActiveCfg = Release|x64
		{3F5624E7-FDFC-4E55-812C-5E468C7905C7}.Release|x64.Build.0 = Release|x64
		{3F5624E7-FDFC-4E55-812C-5E468C7905C7}.Release|x86.ActiveCfg = Release|Win32
		{3F5624E7-FDFC-4E55-812C-5E468C7905C7}.Release|x86.Build.0 = Release|Win32
		{BA0F04E5-D561-44E5-BF6B-0BF9CE57985A}.Debug|x64.ActiveCfg = Debug|x64
		{BA0F04E5-D561-44E5-BF6B-0BF9CE57985A}.Debug|x64.Build.0 = Debug|x64
		{BA0F04E5-D561-44E5-BF6B-0BF9CE57985A}.Debug|x86.ActiveCfg = Debug|Win32
		{BA0F04E5-D561-44E5-BF6B-0BF9CE57985A}.Debug|x86.Build.0 = Debug|Win32
		{BA0F04E5-D561-44E5-BF6B-0BF9CE57985A}.Release|x64.ActiveCfg = Release|x64
		{BA0F04E5-D561-44E5-BF6B-0BF9CE57985A}.Release|x64.Build.0 = Release|x64
		{BA0F04E5-D561-44E5-BF6B-0BF9CE57985A}.Release|x86.ActiveCfg = Release|Win32
		{BA0F04E5-D561-44E5-BF6B-0BF9CE57985A}.Release|x86.Build.0 = Release|Win32
		{CBDECEB5-6BCD-4E6A-AA41-16EB0E18BB75}.Debug|x64.ActiveCfg = Debug|x64
		{CBDECEB5-6BCD-4E6A-AA41-16EB0E18BB75}.Debug|x64.Build.0 = Debug|x64
		{CBDECEB5-6BCD-4E6A-AA41-16EB0E18BB75}.Debug|x86.ActiveCfg = Debug|Win32
		{CBDECEB5-6BCD-4E6A-AA41-16EB0E18BB75}.Debug|x86.Build.0 = Debug|Win32
		{CBDECEB5-6BCD-4E6A-AA41-16EB0E18BB75}.Release|x64.ActiveCfg = Release|x64
		{CBDECEB5-6BCD-4E6A-AA41-16EB0E18BB75}.Release|x64.Build.0 = Release|x64
		{CBDECEB5-6BCD-4E6A-AA41-16EB0E18BB75}.Release|x86.ActiveCfg = Release|Win32
		{CBDECEB5-6BCD-4E6A-AA41-16EB0E18BB75}.Release|x86.Build.0 = Release|Win32
		{55952B41-76E2-4F2A-A248-B030AC2D609C}.Debug|x64.ActiveCfg = Debug|x64
		{55952B41-76E2-4F2A-A248-B030AC2D609C}.Debug|x64.Build.0 = Debug|x64
		{55952B41-76E2-4F2A-A248-B030AC2D609C}.Debug|x86.ActiveCfg = Debug|Win32
		{55952B41-76E2-4F2A-A248-B030AC2D609C}.Debug|x86.Build.0 = Debug|Win32
		{55952B41-76E2-4F2A-A248-B030AC2D609C}.Release|x64.ActiveCfg = Release|x64
		{55952B41-76E2-4F2A-A248-B030AC2D609C}.Release|x64.Build.0 = Release|x64
		{55952B41-76E2-4F2A-A248-B030AC2D609C}.Release|x86.ActiveCfg = Release|Win32
		{55952B41-76E2-4F2A-A248-B030AC2D609C}.Release|x86.Build.0 = Release|Win32
		{D5B6C3D1-1571-4C6A-9DB5-9868D3840B0B}.Debug|x64.ActiveCfg = Debug|x64
		{D5B6C3D1-1571-4C6A-9DB5-9868D3840B0B}.Debug|x64.Build.0 = Debug|x64
		{D5B6C3D1-1571-4C6A-9DB5-9868D3840B0B}.Debug|x86.ActiveCfg = Debug|Win32
		{D5B6C3D1-1571-4C6A-9DB5-9868D3840B0B}.Debug|x86.Build.0 = Debug|Win32
		{D5B6C3D1-1571-4C6A-9DB5-9868D3840B0B}.Release|x64.ActiveCfg = Release|x64
		{D5B6C3D1-1571-4C6A-9DB5-9868D3840B0B}.Release|x64.Build.0 = Release|x64
		{D5B6C3D1-1571-4C6A-9DB5-9868D3840B0B}.Release|x86.ActiveCfg = Release|Win32
		{D5B6C3D1-1571-4C6A-9DB5-9868D3840B0B}.Release|x86.Build.0 = Release|Win32
		{D571C0B8-3C20-478E-A726-E0EBFE5683D4}.Debug|x64.ActiveCfg = Debug|x64
		{D571C0B8-3C20-478E-A726-E0EBFE5683D4}.Debug|x64.Build.0 = Debug|x64
		{D571C0B8-3C20-478E-A726-E0EBFE5683D4}.Debug|x86.ActiveCfg = Debug|Win32
		{D571C0B8-3C20-478E-A726-E0EBFE5683D4}.Debug|x86.Build.0 = Debug|Win32
		{D571C0B8-3C20-478E-A726-E0EBFE5683D4}.Release|x64.ActiveCfg = Release|x64
		{D571C0B8-3C20-478E-A726-E0EBFE5683D4}.Release|x64.Build.0 = Release|x64
		{D571C0B8-3C20-478E-A726-E0EBFE5683D4}.Release|x86.ActiveCfg = Release|Win32
		{D571C0B8-3C20-478E-A726-E0EBFE5683D4}.Release|x86.Build.0 = Release|Win32
		{D4E3E193-FBD2-4E35-B79D-D1F2CB1E3084}.Debug|x64.ActiveCfg = Debug|x64
		{D4E3E193-FBD2-4E35-B79D-D1F2CB1E3084}.Debug|x64.Build.0 = Debug|x64
		{D4E3E193-FBD2-4E35-B79D-D1F2CB1E3084}.Debug|x86.ActiveCfg = Debug|Win32
		{D4E3E193-FBD2-4E35-B79D-D1F2CB1E3084}.Debug|x86.Build.0 = Debug|Win32
		{D4E3E193-FBD2-4E35-B79D-D1F2CB1E3084}.Release|x64.ActiveCfg = Release|x64
		{D4E3E193-FBD2-4E35-B79D-D1F2CB1E3084}.Release|x64.Build.0 = Release|x64
		{D4E3E193-FBD2-4E35-B79D-D1F2CB1E3084}.Release|x86.ActiveCfg = Release|Win32
		{D4E3E193-FBD2-4E35-B79D-D1F2CB1E3084}.Release|x86.Build.0 = Release|Win32
		{9FAED2C7-9BBC-45F6-AB2B-604883EAD1A0}.Debug|x64.ActiveCfg = Debug|x64
		{9FAED2C7-9BBC-45F6-AB2B-604883EAD1A0}.Debug|x64.Build.0 = Debug|x64
		{9FAED2C7-9BBC-45F6-AB2B-604883EAD1A0}.Debug|x86.ActiveCfg = Debug|Win32
		{9FAED2C7-9BBC-45F6-AB2B-604883EAD1A0}.Debug|x86.Build.0 = Debug|Win32
		{9FAED2C7-9BBC-45F6-AB2B-604883EAD1A0}.Release|x64.ActiveCfg = Release|x64
		{9FAED2C7-9BBC-45F6-AB2B-604883EAD1A0}.Release|x64.Build.0 = Release|x64
		{9FAED2C7-9BBC-45F6-AB2B-604883EAD1A0}.Release|x86.ActiveCfg = Release|Win32
		{9FAED2C7-9BBC-45F6-AB2B-604883EAD1A0}.Release|x86.Build.0 = Release|Win32
		{CEC45AE9-F646-435C-B07E-653A34C5C030}.Debug|x64.ActiveCfg = Debug|x64
		{CEC45AE9-F646-435C-B07E-653A34C5C030}.Debug|x64.Build.0 = Debug|x64
		{CEC45AE9-F646-435C-B07E-653A34C5C030}.Debug|x86.ActiveCfg = Debug|Win32
		{CEC45AE9-F646-435C-B07E-653A34C5C030}.Debug|x86.Build.0 = Debug|Win32
		{CEC45AE9-F646-435C-B07E-653A34C5C030}.Release|x64.ActiveCfg = Release|x64
		{CEC45AE9-F646-435C-B07E-653A34C5C030}.Release|x64.Build.0 = Release|x64
		{CEC45AE9-F646-435C-B07E-653A34C5C030}.Release|x86.ActiveCfg = Release|Win32
		{CEC45AE9-F646-435C-B07E-653A34C5C030}.Release|x86.Build.0 = Release|Win32
		{B3EA5825-5A5F-4ACF-82C4-1E3D3CF8AAC3}.Debug|x64.ActiveCfg = Debug|x64
		{B3EA5825-5A5F-4ACF-82C4-1E3D3CF8AAC3}.Debug|x64.Build.0 = Debug|x64
		{B3EA5825-5A5F-4ACF-82C4-1E3D3CF8AAC3}.Debug|x86.ActiveCfg = Debug|Win32
		{B3EA5825-5A5F-4ACF-82C4-1E3D3CF8AAC3}.Debug|x86.Build.0 = Debug|Win32
		{B3EA5825-5A5F-4ACF-82C4-1E3D3CF8AAC3}.Release|x64.ActiveCfg = Release|x64
		{B3EA5825-5A5F-4ACF-82C4-1E3D3CF8AAC3}.Release|x64.Build.0 = Release|x64
		{B3EA5825-5A5F-4ACF-82C4-1E3D3CF8AAC3}.Release|x86.ActiveCfg = Release|Win32
		{B3EA5825-5A5F-4ACF-82C4-1E3D3CF8AAC3}.Release|x86.Build.0 = Release|Win32
		{D5BF8956-C487-462F-9ECE-68841932AAFA}.Debug|x64.ActiveCfg = Debug|x64
		{D5BF8956-C487-462F-9ECE-68841932AAFA}.Debug|x64.Build.0 = Debug|x64
		{D5BF8956-C487-462F-9ECE-68841932AAFA}.Debug|x86.ActiveCfg = Debug|Win32
		{D5BF8956-C487-462F-9ECE-68841932AAFA}.Debug|x86.Build.0 = Debug|Win32
		{D5BF8956-C487-462F-9ECE-68841932AAFA}.Release|x64.ActiveCfg = Release|x64
		{D5BF8956-C487-462F-9ECE-68841932AAFA}.Release|x64.Build.0 = Release|x64
		{D5BF8956-C487-462F-9ECE-68841932AAFA}.Release|x86.ActiveCfg = Release|Win32
		{D5BF8956-C487-462F-9ECE-68841932AAFA}.Release|x86.Build.0 = Release|Win32
		{8A0CD1A9-FF4F-45F2-B0A6-3C12E3E9C5AE}.Debug|x64.ActiveCfg = Debug|x64
		{8A0CD1A9-FF4F-45F2-B0A6-3C12E3E9C5AE}.Debug|x64.Build.0 = Debug|x64
		{8A0CD1A9-FF4F-45F2-B0A6-3C12E3E9C5AE}.Debug|x86.ActiveCfg = Debug|Win32
		{8A0CD1A9-FF4F-45F2-B0A6-3C12E3E9C5AE}.Debug|x86.Build.0 = Debug|Win32
		{8A0CD1A9-FF4F-45F2-B0A6-3C12E3E9C5AE}.Release|x64.ActiveCfg = Release|x64
		{8A0CD1A9-FF4F-45F2-B0A6-3C12E3E9C5AE}.Release|x64.Build.0 = Release|x64
		{8A0CD1A9-FF4F-45F2-B0A6-3C12E3E9C5AE}.Release|x86.ActiveCfg = Release|Win32
		{8A0CD1A9-FF4F-45F2-B0A6-3C12E3E9C5AE}.Release|x86.Build.0 = Release|Win32
		{90D23F6E-EFDE-4C47-8EE2-FFFDDF3C68D6}.Debug|x64.ActiveCfg = Debug|x64
		{90D23F6E-EFDE-4C47-8EE2-FFFDDF3C68D6}.Debug|x64.Build.0 = Debug|x64
		{90D23F6E-EFDE-4C47-8EE2-FFFDDF3C68D6}.Debug|x86.ActiveCfg = Debug|Win32
		{90D23F6E-EFDE-4C47-8EE2-FFFDDF3C68D6}.Debug|x86.Build.0 = Debug|Win32
		{90D23F6E-EFDE-4C47-8EE2-FFFDDF3C68D6}.Release|x64.ActiveCfg = Release|x64
		{90D23F6E-EFDE-4C47-8EE2-FFFDDF3C68D6}.Release|x64.Build.0 = Release|x64
		{90D23F6E-EFDE-4C47-8EE2-FFFDDF3C68D6}.Release|x86.ActiveCfg = Release|Win32
		{90D23F6E-EFDE-4C47-8EE2-FFFDDF3C68D6}.Release|x86.Build.0 = Release|Win32
		{6073F3A5-8AC1-45A3-A12F-1C2F9195F3C6}.Debug|x64.ActiveCfg = Debug|x64
		{6073F3A5-8AC1-45A3-A12F-1C2F9195F3C6}.Debug|x64.Build.0 = Debug|x64
		{6073F3A5-8AC1-45A3-A12F-1C2F9195F3C6}.Debug|x86.ActiveCfg = Debug|Win32
		{6073F3A5-8AC1-45A3-A12F-1C2F9195F3C6}.Debug|x86.Build.0 = Debug|Win32
		{6073F3A5-8AC1-45A3-A12F-1C2F9195F3C6}.Release|x64.ActiveCfg = Release|x64
		{6073F3A5-8AC1-45A3-A12F-1C2F9195F3C6}.Release|x64.Build.0 = Release|x64
		{6073F3A5-8AC1-45A3-A12F-1C2F9195F3C6}.Release|x86.ActiveCfg = Release|Win32
		{6073F3A5-8AC1-45A3-A12F-1C2F9195F3C6}.Release|x86.Build.0 = Release|Win32
		{EDE58DE9-56AA-438C-AD00-294297CB793E}.Debug|x64.ActiveCfg = Debug|x64
		{EDE58DE9-56AA-438C-AD00-294297CB793E}.Debug|x64.Build.0 = Debug|x64
		{EDE58DE9-56AA-438C-AD00-294297CB793E}.Debug|x86.ActiveCfg = Debug|Win32
		{EDE58DE9-56AA-438C-AD00-294297CB793E}.Debug|x86.Build.0 = Debug|Win32
		{EDE58DE9-56AA-438C-AD00-294297CB793E}.Release|x64.ActiveCfg = Release|x64
		{EDE58DE9-56AA-438C-AD00-294297CB793E}.Release|x64.Build.0 = Release|x64
		{EDE58DE9-56AA-438C-AD00-294297CB793E}.Release|x86.ActiveCfg = Release|Win32
		{EDE58DE9-56AA-438C-AD00-294297CB793E}.Release|x86.Build.0 = Release|Win32
		{D644665E-DEA3-42EF-B14E-84748D4C6A04}.Debug|x64.ActiveCfg = Debug|x64
		{D644665E-DEA3-42EF-B14E-84748D4C6A04}.Debug|x64.Build.0 = Debug|x64
		{D644665E-DEA3-42EF-B14E-84748D4C6A04}.Debug|x86.ActiveCfg = Debug|Win32
		{D644665E-DEA3-42EF-B14E-84748D4C6A04}.Debug|x86.Build.0 = Debug|Win32
		{D644665E-DEA3-42EF-B14E-84748D4C6A04}.Release|x64.ActiveCfg = Release|x64
		{D644665E-DEA3-42EF-B14E-84748D4C6A04}.Release|x64.Build.0 = Release|x64
		{D644665E-DEA3-42EF-B14E-84748D4C6A04}.Release|x86.ActiveCfg = Release|Win32
		{D644665E-DEA3-42EF-B14E-84748D4C6A04}.Release|x86.Build.0 = Release|Win32
		{808317C2-7FE1-4988-8E5B-3944594D3D3F}.Debug|x64.ActiveCfg = Debug|x64
		{808317C2-7FE1-4988-8E5B-3944594D3D3F}.Debug|x64.Build.0 = Debug|x64
		{808317C2-7FE1-4988-8E5B-3944594D3D3F}.Debug|x86.ActiveCfg = Debug|Win32
		{808317C2-7FE1-4988-8E5B-3944594D3D3F}.Debug|x86.Build.0 = Debug|Win32
		{808317C2-7FE1-4988-8E5B-3944594D3D3F}.Release|x64.ActiveCfg = Release|x64
		{808317C2-7FE1-4988-8E5B-3944594D3D3F}.Release|x64.Build.0 = Release|x64
		{808317C2-7FE1-4988-8E5B-3944594D3D3F}.Release|x86.ActiveCfg = Release|Win32
		{808317C2-7FE1-4988-8E5B-3944594D3D3F}.Release|x86.Build.0 = Release|Win32
		{3F680FAE-6F67-4995-A0F1-35925DD35E3F}.Debug|x64.ActiveCfg = Debug|x64
		{3F680FAE-6F67-4995-A0F1-35925DD35E3F}.Debug|x64.Build.0 = Debug|x64
		{3F680FAE-6F67-4995-A0F1-35925DD35E3F}.Debug|x86.ActiveCfg = Debug|Win32
		{3F680FAE-6F67-4995-A0F1-35925DD35E3F}.Debug|x86.Build.0 = Debug|Win32
		{3F680FAE-6F67-4995-A0F1-35925DD35E3F}.Release|x64.ActiveCfg = Release|x64
		{3F680FAE-6F67-4995-A0F1-35925DD35E3F}.Release|x64.Build.0 = Release|x64
		{3F680FAE-6F67-4995-A0F1-35925DD35E3F}.Release|x86.ActiveCfg = Release|Win32
		{3F680FAE-6F67-4995-A0F1-35925DD35E3F}.Release|x86.Build.0 = Release|Win32
		{B2FA1FCD-4319-4A0F-82A1-578627F38314}.Debug|x64.ActiveCfg = Debug|x64
		{B2FA1FCD-4319-4A0F-82A1-578627F38314}.Debug|x64.Build.0 = Debug|x64
		{B2FA1FCD-4319-4A0F-82A1-578627F38314}.Debug|x86.ActiveCfg = Debug|Win32
		{B2FA1FCD-4319-4A0F-82A1-578627F38314}.Debug|x86.Build.0 = Debug|Win32
		{B2FA1FCD-4319-4A0F-82A1-578627F38314}.Release|x64.ActiveCfg = Release|x64
		{B2FA1FCD-4319-4A0F-82A1-578627F38314}.Release|x64.Build.0 = Release|x64
		{B2FA1FCD-4319-4A0F-82A1-578627F38314}.Release|x86.ActiveCfg = Release|Win32
		{B2FA1FCD-4319-4A0F-82A1-578627F38314}.Release|x86.Build.0 = Release|Win32
		{7518C76F-94AF-4B34-9919-B4FE94E26318}.Debug|x64.ActiveCfg = Debug|x64
		{7518C76F-94AF-4B34-9919-B4FE94E26318}.Debug|x64.Build.0 = Debug|x64
		{7518C76F-94AF-4B34-9919-B4FE94E26318}.Debug|x86.ActiveCfg = Debug|Win32
		{7518C76F-94AF-4B34-9919-B4FE94E26318}.Debug|x86.Build.0 = Debug|Win32
		{7518C76F-94AF-4B34-9919-B4FE94E26318}.Release|x64.ActiveCfg = Release|x64
		{7518C76F-94AF-4B34-9919-B4FE94E26318}.Release|x64.Build.0 = Release|x64
		{7518C76F-94AF-4B34-9919-B4FE94E26318}.Release|x86.ActiveCfg = Release|Win32
		{7518C76F-94AF-4B34-9919-B4FE94E26318}.Release|x86.Build.0 = Release|Win32
		{9DB263C0-1B62-428F-AD5C-F0DD2DFD0D4C}.Debug|x64.ActiveCfg = Debug|x64
		{9DB263C0-1B62-428F-AD5C-F0DD2DFD0D4C}.Debug|x64.Build.0 = Debug|x64
		{9DB263C0-1B62-428F-AD5C-F0DD2DFD0D4C}.Debug|x86.ActiveCfg = Debug|Win32
		{9DB263C0-1B62-428F-AD5C-F0DD2DFD0D4C}.Debug|x86.Build.0 = Debug|Win32
		{9DB263C0-1B62-428F-AD5C-F0DD2DFD0D4C}.Release|x64.ActiveCfg = Release|x64
		{9DB263C0-1B62-428F-AD5C-F0DD2DFD0D4C}.Release|x64.Build.0 = Release|x64
		{9DB263C0-1B62-428F-AD5C-F0DD2DFD0D4C}.Release|x86.ActiveCfg = Release|Win32
		{9DB263C0-1B62-428F-AD5C-F0DD2DFD0D4C}.Release|x86.Build.0 = Release|Win32
		{4FF35340-0CBA-4567-BE18-8E77B106290F}.Debug|x64.ActiveCfg = Debug|x64
		{4FF35340-0CBA-4567-BE18-8E77B106290F}.Debug|x64.Build.0 = Debug|x64
		{4FF35340-0CBA-4567-BE18-8E77B106290F}.Debug|x86.ActiveCfg = Debug|Win32
		{4FF35340-0CBA-4567-BE18-8E77B106290F}.Debug|x86.Build.0 = Debug|Win32
		{4FF35340-0CBA-4567-BE18-8E77B106290F}.Release|x64.ActiveCfg = Release|x64
		{4FF35340-0CBA-4567-BE18-8E77B106290F}.Release|x64.Build.0 = Release|x64
		{4FF35340-0CBA-4567-BE18-8E77B106290F}.Release|x86.ActiveCfg = Release|Win32
		{4FF35340-0CBA-4567-BE18-8E77B106290F}.Release|x86.Build.0 = Release|Win32
		{7D89DA40-D223-4773-927D-61248D8ED793}.Debug|x64.ActiveCfg = Debug|x64
		{7D89DA40-D223-4773-927D-61248D8ED793}.Debug|x64.Build.0 = Debug|x64
		{7D89DA40-D223-4773-927D-61248D8ED793}.Debug|x86.ActiveCfg = Debug|Win32
		{7D89DA40-D223-4773-927D-61248D8ED793}.Debug|x86.Build.0 = Debug|Win32
		{7D89DA40-D223-4773-927D-61248D8ED793}.Release|x64.ActiveCfg = Release|x64
		{7D89DA40-D223-4773-927D-61248D8ED793}.Release|x64.Build.0 = Release|x64
		{7D89DA40-D223-4773-927D-61248D8ED793}.Release|x86.ActiveCfg = Release|Win32
		{7D89DA40-D223-4773-927D-61248D8ED793}.Release|x86.Build.0 = Release|Win32
		{4509A7B9-728F-4BD9-ACEF-FBE1445C00BD}.Debug|x64.ActiveCfg = Debug|x64
		{4509A7B9-728F-4BD9-ACEF-FBE1445C00BD}.Debug|x64.Build.0 = Debug|x64
		{4509A7B9-728F-4BD9-ACEF-FBE1445C00BD}.Debug|x86.ActiveCfg = Debug|Win32
		{4509A7B9-728F-4BD9-ACEF-FBE1445C00BD}.Debug|x86.Build.0 = Debug|Win32
		{4509A7B9-728F-4BD9-ACEF-FBE1445C00BD}.Release|x64.ActiveCfg = Release|x64
		{4509A7B9-728F-4BD9-ACEF-FBE1445C00BD}.Release|x64.Build.0 = Release|x64
		{4509A7B9-728F-4BD9-ACEF-FBE1445C00BD}.Release|x86.ActiveCfg = Release|Win32
		{4509A7B9-728F-4BD9-ACEF-FBE1445C00BD}.Release|x86.Build.0 = Release|Win32
		{13492985-CA2C-4D95-878D-FE60100E68CC}.Debug|x64.ActiveCfg = Debug|x64
		{13492985-CA2C-4D95-878D-FE60100E68CC}.Debug|x64.Build.0 = Debug|x64
		{13492985-CA2C-4D95-878D-FE60100E68CC}.Debug|x86.ActiveCfg = Debug|Win32
		{13492985-CA2C-4D95-878D-FE60100E68CC}.Debug|x86.Build.0 = Debug|Win32
		{13492985-CA2C-4D95-878D-FE60100E68CC}.Release|x64.ActiveCfg = Release|x64
		{13492985-CA2C-4D95-878D-FE60100E68CC}.Release|x64.Build.0 = Release|x64
		{13492985-CA2C-4D95-878D-FE60100E68CC}.Release|x86.ActiveCfg = Release|Win32
		{13492985-CA2C-4D95-878D-FE60100E68CC}.Release|x86.Build.0 = Release|Win32
		{50A6AC2F-25FB-4F5D-BA6F-41841208A147}.Debug|x64.ActiveCfg = Debug|x64
		{50A6AC2F-25FB-4F5D-BA6F-41841208A147}.Debug|x64.Build.0 = Debug|x64
		{50A6AC2F-25FB-4F5D-BA6F-41841208A147}.Debug|x86.ActiveCfg = Debug|Win32
		{50A6AC2F-25FB-4F5D-BA6F-41841208A147}.Debug|x86.Build.0 = Debug|Win32
		{50A6AC2F-25FB-4F5D-BA6F-41841208A147}.Release|x64.ActiveCfg = Release|x64
		{50A6AC2F-25FB-4F5D-BA6F-41841208A147}.Release|x64.Build.0 = Release|x64
		{50A6AC2F-25FB-4F5D-BA6F-41841208A147}.Release|x86.ActiveCfg = Release|Win32
		{50A6AC2F-25FB-4F5D-BA6F-41841208A147}.Release|x86.Build.0 = Release|Win32
		{495C25E0-CD5B-4343-917E-B9CCD8F2235B}.Debug|x64.ActiveCfg = Debug|x64
		{495C25E0-CD5B-4343-917E-B9CCD8F2235B}.Debug|x64.Build.0 = Debug|x64
		{495C25E0-CD5B-4343-917E-B9CCD8F2235B}.Debug|x86.ActiveCfg = Debug|Win32
		{495C25E0-CD5B-4343-917E-B9CCD8F2235B}.Debug|x86.Build.0 = Debug|Win32
		{495C25E0-CD5B-4343-917E-B9CCD8F2235B}.Release|x64.ActiveCfg = Release|x64
		{495C25E0-CD5B-4343-917E-B9CCD8F2235B}.Release|x64.Build.0 = Release|x64
		{495C25E0-CD5B-4343-917E-B9CCD8F2235B}.Release|x86.ActiveCfg = Release|Win32
		{495C25E0-CD5B-4343-917E-B9CCD8F2235B}.Release|x86.Build.0 = Release|Win32
		{0157AB2E-871E-4E8E-8024-3ADF6BD64D7F}.Debug|x64.ActiveCfg = Debug|x64
		{0157AB2E-871E-4E8E-8024-3ADF6BD64D7F}.Debug|x64.Build.0 = Debug|x64
		{0157AB2E-871E-4E8E-8024-3ADF6BD64D7F}.Debug|x86.ActiveCfg = Debug|Win32
		{0157AB2E-871E-4E8E-8024-3ADF6BD64D7F}.Debug|x86.Build.0 = Debug|Win32
		{0157AB2E-871E-4E8E-8024-3ADF6BD64D7F}.Release|x64.ActiveCfg = Release|x64
		{0157AB2E-871E-4E8E-8024-3ADF6BD64D7F}.Release|x64.Build.0 = Release|x64
		{0157AB2E-871E-4E8E-8024-3ADF6BD64D7F}.Release|x86.ActiveCfg = Release|Win32
		{0157AB2E-871E-4E8E-8024-3ADF6BD64D7F}.Release|x86.Build.0 = Release|Win32
		{E031D37E-98F3-416B-9873-21664C3D32D9}.Debug|x64.ActiveCfg = Debug|x64
		{E031D37E-98F3-416B-9873-21664C3D32D9}.Debug|x64.Build.0 = Debug|x64
		{E031D37E-98F3-416B-9873-21664C3D32D9}.Debug|x86.ActiveCfg = Debug|Win32
		{E031D37E-98F3-416B-9873-21664C3D32D9}.Debug|x86.Build.0 = Debug|Win32
		{E031D37E-98F3-416B-9873-21664C3D32D9}.Release|x64.ActiveCfg = Release|x64
		{E031D37E-98F3-416B-9873-21664C3D32D9}.Release|x64.Build.0 = Release|x64
		{E031D37E-98F3-416B-9873-21664C3D32D9}.Release|x86.ActiveCfg = Release|Win32
		{E031D37E-98F3-416B-9873-21664C3D32D9}.Release|x86.Build.0 = Release|Win32
		{44C03985-8740-4CA2-A73C-1B6130A52166}.Debug|x64.ActiveCfg = Debug|x64
		{44C03985-8740-4CA2-A73C-1B6130A52166}.Debug|x64.Build.0 = Debug|x64
		{44C03985-8740-4CA2-A73C-1B6130A52166}.Debug|x86.ActiveCfg = Debug|Win32
		{44C03985-8740-4CA2-A73C-1B6130A52166}.Debug|x86.Build.0 = Debug|Win32
		{44C03985-8740-4CA2-A73C-1B6130A52166}.Release|x64.ActiveCfg = Release|x64
		{44C03985-8740-4CA2-A73C-1B6130A52166}.Release|x64.Build.0 = Release|x64
		{44C03985-8740-4CA2-A73C-1B6130A52166}.Release|x86.ActiveCfg = Release|Win32
		{44C03985-8740-4CA2-A73C-1B6130A52166}.Release|x86.Build.0 = Release|Win32
		{CBB15596-4B6A-41F3-A5D6-50FA03FFF5BD}.Debug|x64.ActiveCfg = Debug|x64
		{CBB15596-4B6A-41F3-A5D6-50FA03FFF5BD}.Debug|x64.Build.0 = Debug|x64
		{CBB15596-4B6A-41F3-A5D6-50FA03FFF5BD}.Debug|x86.ActiveCfg = Debug|Win32
		{CBB15596-4B6A-41F3-A5D6-50FA03FFF5BD}.Debug|x86.Build.0 = Debug|Win32
		{CBB15596-4B6A-41F3-A5D6-50FA03FFF5BD}.Release|x64.ActiveCfg = Release|x64
		{CBB15596-4B6A-41F3-A5D6-50FA03FFF5BD}.Release|x64.Build.0 = Release|x64
		{CBB15596-4B6A-41F3-A5D6-50FA03FFF5BD}.Release|x86.ActiveCfg = Release|Win32
		{CBB15596-4B6A-41F3-A5D6-50FA03FFF5BD}.Release|x86.Build.0 = Release|Win32
		{3088AE1A-5499-41C3-A62E-CBD797062CCA}.Debug|x64.ActiveCfg = Debug|x64
		{3088AE1A-5499-41C3-A62E-CBD797062CCA}.Debug|x64.Build.0 = Debug|x64
		{3088AE1A-5499-41C3-A62E-CBD797062CCA}.Debug|x86.ActiveCfg = Debug|Win32
		{3088AE1A-5499-41C3-A62E-CBD797062CCA}.Debug|x86.Build.0 = Debug|Win32
		{3088AE1A-5499-41C3-A62E-CBD797062CCA}.Release|x64.ActiveCfg = Release|x64
		{3088AE1A-5499-41C3-A62E-CBD797062CCA}.Release|x64.Build.0 = Release|x64
		{3088AE1A-5499-41C3-A62E-CBD797062CCA}.Release|x86.ActiveCfg = Release|Win32
		{3088AE1A-5499-41C3-A62E-CBD797062CCA}.Release|x86.Build.0 = Release|Win32
		{AE233442-44C8-489F-9A9B-F57F22E6B75F}.Debug|x64.ActiveCfg = Debug|x64
		{AE233442-44C8-489F-9A9B-F57F22E6B75F}.Debug|x64.Build.0 = Debug|x64
		{AE233442-44C8-489F-9A9B-F57F22E6B75F}.Debug|x86.ActiveCfg = Debug|Win32
		{AE233442-44C8-489F-9A9B-F57F22E6B75F}.Debug|x86.Build.0 = Debug|Win32
		{AE233442-44C8-489F-9A9B-F57F22E6B75F}.Release|x64.ActiveCfg = Release|x64
		{AE233442-44C8-489F-9A9B-F57F22E6B75F}.Release|x64.Build.0 = Release|x64
		{AE233442-44C8-489F-9A9B-F57F22E6B75F}.Release|x86.ActiveCfg = Release|Win32
		{AE233442-44C8-489F-9A9B-F57F22E6B75F}.Release|x86.Build.0 = Release|Win32
		{0779EC9A-448C-40DD-9ED9-E3956CF2616C}.Debug|x64.ActiveCfg = Debug|x64
		{0779EC9A-448C-40DD-9ED9-E3956CF2616C}.Debug|x64.Build.0 = Debug|x64
		{0779EC9A-448C-40DD-9ED9-E3956CF2616C}.Debug|x86.ActiveCfg = Debug|Win32
		{0779EC9A-448C-40DD-9ED9-E3956CF2616C}.Debug|x86.Build.0 = Debug|Win32
		{0779EC9A-448C-40DD-9ED9-E3956CF2616C}.Release|x64.ActiveCfg = Release|x64
		{0779EC9A-448C-40DD-9ED9-E3956CF2616C}.Release|x64.Build.0 = Release|x64
		{0779EC9A-448C-40DD-9ED9-E3956CF2616C}.Release|x86.ActiveCfg = Release|Win32
		{0779EC9A-448C-40DD-9ED9-E3956CF2616C}.Release|x86.Build.0 = Release|Win32
		{E0AA41CC-D9E1-4147-A1CF-CAABBABCDC4A}.Debug|x64.ActiveCfg = Debug|x64
		{E0AA41CC-D9E1-4147-A1CF-CAABBABCDC4A}.Debug|x64.Build.0 = Debug|x64
		{E0AA41CC-D9E1-4147-A1CF-CAABBABCDC4A}.Debug|x86.ActiveCfg = Debug|Win32
		{E0AA41CC-D9E1-4147-A1CF-CAABBABCDC4A}.Debug|x86.Build.0 = Debug|Win32
		{E0AA41CC-D9E1-4147-A1CF-CAABBABCDC4A}.Release|x64.ActiveCfg = Release|x64
		{E0AA41CC-D9E1-4147-A1CF-CAABBABCDC4A}.Release|x64.Build.0 = Release|x64
		{E0AA41CC-D9E1-4147-A1CF-CAABBABCDC4A}.Release|x86.ActiveCfg = Release|Win32
		{E0AA41CC-D9E1-4147-A1CF-CAABBABCDC4A}.Release|x86.Build.0 = Release|Win32
		{1F938E20-ACD0-4C24-9C03-B2A162B48355}.Debug|x64.ActiveCfg = Debug|x64
		{1F938E20-ACD0-4C24-9C03-B2A162B48355}.Debug|x64.Build.0 = Debug|x64
		{1F938E20-ACD0-4C24-9C03-B2A162B48355}.Debug|x86.ActiveCfg = Debug|Win32
		{1F938E20-ACD0-4C24-9C03-B2A162B48355}.Debug|x86.Build.0 = Debug|Win32
		{1F938E20-ACD0-4C24-9C03-B2A162B48355}.Release|x64.ActiveCfg = Release|x64
		{1F938E20-ACD0-4C24-9C03-B2A162B48355}.Release|x64.Build.0 = Release|x64
		{1F938E20-ACD0-4C24-9C03-B2A162B48355}.Release|x86.ActiveCfg = Release|Win32
		{1F938E20-ACD0-4C24-9C03-B2A162B48355}.Release|x86.Build.0 = Release|Win32
		{284A6A23-34FE-40E8-A3E8-1814D6A9A995}.Debug|x64.ActiveCfg = Debug|x64
		{284A6A23-34FE-40E8-A3E8-1814D6A9A995}.Debug|x64.Build.0 = Debug|x64
		{284A6A23-34FE-40E8-A3E8-1814D6A9A995}.Debug|x86.ActiveCfg = Debug|Win32
		{284A6A23-34FE-40E8-A3E8-1814D6A9A995}.Debug|x86.Build.0 = Debug|Win32
		{284A6A23-34FE-40E8-A3E8-1814D6A9A995}.Release|x64.ActiveCfg = Release|x64
		{284A6A23-34FE-40E8-A3E8-1814D6A9A995}.Release|x64.Build.0 = Release|x64
		{284A6A23-34FE-40E8-A3E8-1814D6A9A995}.Release|x86.ActiveCfg = Release|Win32
		{284A6A23-34FE-40E8-A3E8-1814D6A9A995}.Release|x86.Build.0 = Release|Win32
		{5DB1A59B-6C80-4992-B40B-AC6E5A1A0D51}.Debug|x64.ActiveCfg = Debug|x64
		{5DB1A59B-6C80-4992-B40B-AC6E5A1A0D51}.Debug|x64.Build.0 = Debug|x64
		{5DB1A59B-6C80-4992-B40B-AC6E5A1A0D51}.Debug|x86.ActiveCfg = Debug|Win32
		{5DB1A59B-6C80-4992-B40B-AC6E5A1A0D51}.Debug|x86.Build.0 = Debug|Win32
		{5DB1A59B-6C80-4992-B40B-AC6E5A1A0D51}.Release|x64.ActiveCfg = Release|x64
		{5DB1A59B-6C80-4992-B40B-AC6E5A1A0D51}.Release|x64.Build.0 = Release|x64
		{5DB1A59B-6C80-4992-B40B-AC6E5A1A0D51}.Release|x86.ActiveCfg = Release|Win32
		{5DB1A59B-6C80-4992-B40B-AC6E5A1A0D51}.Release|x86.Build.0 = Release|Win32
		{277A0D5A-FDB6-4BE1-B40D-9E0E212F69F0}.Debug|x64.ActiveCfg = Debug|x64
		{277A0D5A-FDB6-4BE1-B40D-9E0E212F69F0}.Debug|x64.Build.0 = Debug|x64
		{277A0D5A-FDB6-4BE1-B40D-9E0E212F69F0}.Debug|x86.ActiveCfg = Debug|Win32
		{277A0D5A-FDB6-4BE1-B40D-9E0E212F69F0}.Debug|x86.Build.0 = Debug|Win32
		{277A0D5A-FDB6-4BE1-B40D-9E0E212F69F0}.Release|x64.ActiveCfg = Release|x64
		{277A0D5A-FDB6-4BE1-B40D-9E0E212F69F0}.Release|x64.Build.0 = Release|x64
		{277A0D5A-FDB6-4BE1-B40D-9E0E212F69F0}.Release|x86.ActiveCfg = Release|Win32
		{277A0D5A-FDB6-4BE1-B40D-9E0E212F69F0}.Release|x86.Build.0 = Release|Win32
		{8B46E3E8-EA97-4BDB-BA63-98A8E2B853F6}.Debug|x64.ActiveCfg = Debug|x64
		{8B46E3E8-EA97-4BDB-BA63-98A8E2B853F6}.Debug|x64.Build.0 = Debug|x64
		{8B46E3E8-EA97-4BDB-BA63-98A8E2B853F6}.Debug|x86.ActiveCfg = Debug|Win32
		{8B46E3E8-EA97-4BDB-BA63-98A8E2B853F6}.Debug|x86.Build.0 = Debug|Win32
		{8B46E3E8-EA97-4BDB-BA63-98A8E2B853F6}.Release|x64.ActiveCfg = Release|x64
		{8B46E3E8-EA97-4BDB-BA63-98A8E2B853F6}.Release|x64.Build.0 = Release|x64
		{8B46E3E8-EA97-4BDB-BA63-98A8E2B853F6}.Release|x86.ActiveCfg = Release|Win32
		{8B46E3E8-EA97-4BDB-BA63-98A8E2B853F6}.Release|x86.Build.0 = Release|Win32
		{704D0F52-3927-45CD-8894-48C165E21BB0}.Debug|x64.ActiveCfg = Debug|x64
		{704D0F52-3927-45CD-8894-48C165E21BB0}.Debug|x64.Build.0 = Debug|x64
		{704D0F52-3927-45CD-8894-48C165E21BB0}.Debug|x86.ActiveCfg = Debug|Win32
		{704D0F52-3927-45CD-8894-48C165E21BB0}.Debug|x86.Build.0 = Debug|Win32
		{704D0F52-3927-45CD-8894-48C165E21BB0}.Release|x64.ActiveCfg = Release|x64
		{704D0F52-3927-45CD-8894-48C165E21BB0}.Release|x64.Build.0 = Release|x64
		{704D0F52-3927-45CD-8894-48C165E21BB0}.Release|x86.ActiveCfg = Release|Win32
		{704D0F52-3927-45CD-8894-48C165E21BB0}.Release|x86.Build.0 = Release|Win32
		{114C698F-9C50-4A48-A38F-9A058FD05109}.Debug|x64.ActiveCfg = Debug|x64
		{114C698F-9C50-4A48-A38F-9A058FD05109}.Debug|x64.Build.0 = Debug|x64
		{114C698F-9C50-4A48-A38F-9A058FD05109}.Debug|x86.ActiveCfg = Debug|Win32
		{114C698F-9C50-4A48-A38F-9A058FD05109}.Debug|x86.Build.0 = Debug|Win32
		{114C698F-9C50-4A48-A38F-9A058FD05109}.Release|x64.ActiveCfg = Release|x64
		{114C698F-9C50-4A48-A38F-9A058FD05109}.Release|x64.Build.0 = Release|x64
		{114C698F-9C50-4A48-A38F-9A058FD05109}.Release|x86.ActiveCfg = Release|Win32
		{114C698F-9C50-4A48-A38F-9A058FD05109}.Release|x86.Build.0 = Release|Win32
		{A10F491A-D204-4B98-A3B8-08E28B0E56EA}.Debug|x64.ActiveCfg = Debug|x64
		{A10F491A-D204-4B98-A3B8-08E28B0E56EA}.Debug|x64.Build.0 = Debug|x64
		{A10F491A-D204-4B98-A3B8-08E28B0E56EA}.Debug|x86.ActiveCfg = Debug|Win32
		{A10F491A-D204-4B98-A3B8-08E28B0E56EA}.Debug|x86.Build.0 = Debug|Win32
		{A10F491A-D204-4B98-A3B8-08E28B0E56EA}.Release|x64.ActiveCfg = Release|x64
		{A10F491A-D204-4B98-A3B8-08E28B0E56EA}.Release|x64.Build.0 = Release|x64
		{A10F491A-D204-4B98-A3B8-08E28B0E56EA}.Release|x86.ActiveCfg = Release|Win32
		{A10F491A-D204-4B98-A3B8-08E28B0E56EA}.Release|x86.Build.0 = Release|Win32
		{70876AF7-4AC7-447D-B246-F2700C3A5F0A}.Debug|x64.ActiveCfg = Debug|x64
		{70876AF7-4AC7-447D-B246-F2700C3A5F0A}.Debug|x64.Build.0 = Debug|x64
		{70876AF7-4AC7-447D-B246-F2700C3A5F0A}.Debug|x86.ActiveCfg = Debug|Win32
		{70876AF7-4AC7-447D-B246-F2700C3A5F0A}.Debug|x86.Build.0 = Debug|Win32
		{70876AF7-4AC7-447D-B246-F2700C3A5F0A}.Release|x64.ActiveCfg = Release|x64
		{70876AF7-4AC7-447D-B246-F2700C3A5F0A}.Release|x64.Build.0 = Release|x64
		{70876AF7-4AC7-447D-B246-F2700C3A5F0A}.Release|x86.ActiveCfg = Release|Win32
		{70876AF7-4AC7-447D-B246-F2700C3A5F0A}.Release|x86.Build.0 = Release|Win32
		{E491325B-E3FE-4981-9BDB-7390CFCB69F0}.Debug|x64.ActiveCfg = Debug|x64
		{E491325B-E3FE-4981-9BDB-7390CFCB69F0}.Debug|x64.Build.0 = Debug|x64
		{E491325B-E3FE-4981-9BDB-7390CFCB69F0}.Debug|x86.ActiveCfg = Debug|Win32
		{E491325B-E3FE-4981-9BDB-7390CFCB69F0}.Debug|x86.Build.0 = Debug|Win32
		{E491325B-E3FE-4981-9BDB-7390CFCB69F0}.Release|x64.ActiveCfg = Release|x64
		{E491325B-E3FE-4981-9BDB-7390CFCB69F0}.Release|x64.Build.0 = Release|x64
		{E491325B-E3FE-4981-9BDB-7390CFCB69F0}.Release|x86.ActiveCfg = Release|Win32
		{E491325B-E3FE-4981-9BDB-7390CFCB69F0}.Release|x86.Build.0 = Release|Win32
		{BDE652BB-97C4-447E-8A0B-970F5C03E95B}.Debug|x64.ActiveCfg = Debug|x64
		{BDE652BB-97C4-447E-8A0B-970F5C03E95B}.Debug|x64.Build.0 = Debug|x64
		{BDE652BB-97C4-447E-8A0B-970F5C03E95B}.Debug|x86.ActiveCfg = Debug|Win32
		{BDE652BB-97C4-447E-8A0B-970F5C03E95B}.Debug|x86.Build.0 = Debug|Win32
		{BDE652BB-97C4-447E-8A0B-970F5C03E95B}.Release|x64.ActiveCfg = Release|x64
		{BDE652BB-97C4-447E-8A0B-970F5C03E95B}.Release|x64.Build.0 = Release|x64
		{BDE652BB-97C4-447E-8A0B-970F5C03E95B}.Release|x86.ActiveCfg = Release|Win32
		{BDE652BB-97C4-447E-8A0B-970F5C03E95B}.Release|x86.Build.0 = Release|Win32
		{D6D99BE5-865D-4150-B1D1-015CEADB4AA5}.Debug|x64.ActiveCfg = Debug|x64
		{D6D99BE5-865D-4150-B1D1-015CEADB4AA5}.Debug|x64.Build.0 = Debug|x64
		{D6D99BE5-865D-4150-B1D1-015CEADB4AA5}.Debug|x86.ActiveCfg = Debug|Win32
		{D6D99BE5-865D-4150-B1D1-015CEADB4AA5}.Debug|x86.Build.0 = Debug|Win32
		{D6D99BE5-865D-4150-B1D1-015CEADB4AA5}.Release|x64.ActiveCfg = Release|x64
		{D6D99BE5-865D-4150-B1D1-015CEADB4AA5}.Release|x64.Build.0 = Release|x64
		{D6D99BE5-865D-4150-B1D1-015CEADB4AA5}.Release|x86.ActiveCfg = Release|Win32
		{D6D99BE5-865D-4150-B1D1-015CEADB4AA5}.Release|x86.Build.0 = Release|Win32
		{4A007A09-401A-455E-BC38-FCC6532B93F7}.Debug|x64.ActiveCfg = Debug|x64
		{4A007A09-401A-455E-BC38-FCC6532B93F7}.Debug|x64.Build.0 = Debug|x64
		{4A007A09-401A-455E-BC38-FCC6532B93F7}.Debug|x86.ActiveCfg = Debug|Win32
		{4A007A09-401A-455E-BC38-FCC6532B93F7}.Debug|x86.Build.0 = Debug|Win32
		{4A007A09-401A-455E-BC38-FCC6532B93F7}.Release|x64.ActiveCfg = Release|x64
		{4A007A09-401A-455E-BC38-FCC6532B93F7}.Release|x64.Build.0 = Release|x64
		{4A007A09-401A-455E-BC38-FCC6532B93F7}.Release|x86.ActiveCfg = Release|Win32
		{4A007A09-401A-455E-BC38-FCC6532B93F7}.Release|x86.Build.0 = Release|Win32
		{291A64D1-A8FE-4682-AF59-11AF436A133F}.Debug|x64.ActiveCfg = Debug|x64
		{291A64D1-A8FE-4682-AF59-11AF436A133F}.Debug|x64.Build.0 = Debug|x64
		{291A64D1-A8FE-4682-AF59-11AF436A133F}.Debug|x86.ActiveCfg = Debug|Win32
		{291A64D1-A8FE-4682-AF59-11AF436A133F}.Debug|x86.Build.0 = Debug|Win32
		{291A64D1-A8FE-4682-AF59-11AF436A133F}.Release|x64.ActiveCfg = Release|x64
		{291A64D1-A8FE-4682-AF59-11AF436A133F}.Release|x64.Build.0 = Release|x64
		{291A64D1-A8FE-4682-AF59-11AF436A133F}.Release|x86.ActiveCfg = Release|Win32
		{291A64D1-A8FE-4682-AF59-11AF436A133F}.Release|x86.Build.0 = Release|Win32
		{08B91740-143B-4C87-8243-DF2C87FB09C4}.Debug|x64.ActiveCfg = Debug|x64
		{08B91740-143B-4C87-8243-DF2C87FB09C4}.Debug|x64.Build.0 = Debug|x64
		{08B91740-143B-4C87-8243-DF2C87FB09C4}.Debug|x86.ActiveCfg = Debug|Win32
		{08B91740-143B-4C87-8243-DF2C87FB09C4}.Debug|x86.Build.0 = Debug|Win32
		{08B91740-143B-4C87-8243-DF2C87FB09C4}.Release|x64.ActiveCfg = Release|x64
		{08B91740-143B-4C87-8243-DF2C87FB09C4}.Release|x64.Build.0 = Release|x64
		{08B91740-143B-4C87-8243-DF2C87FB09C4}.Release|x86.ActiveCfg = Release|Win32
		{08B91740-143B-4C87-8243-DF2C87FB09C4}.Release|x86.Build.0 = Release|Win32
<<<<<<< HEAD
		{B74062EF-ED0A-412C-8A54-BDA875AE054F}.Debug|x64.ActiveCfg = Debug|x64
		{B74062EF-ED0A-412C-8A54-BDA875AE054F}.Debug|x64.Build.0 = Debug|x64
		{B74062EF-ED0A-412C-8A54-BDA875AE054F}.Debug|x86.ActiveCfg = Debug|Win32
		{B74062EF-ED0A-412C-8A54-BDA875AE054F}.Debug|x86.Build.0 = Debug|Win32
		{B74062EF-ED0A-412C-8A54-BDA875AE054F}.Release|x64.ActiveCfg = Release|x64
		{B74062EF-ED0A-412C-8A54-BDA875AE054F}.Release|x64.Build.0 = Release|x64
		{B74062EF-ED0A-412C-8A54-BDA875AE054F}.Release|x86.ActiveCfg = Release|Win32
		{B74062EF-ED0A-412C-8A54-BDA875AE054F}.Release|x86.Build.0 = Release|Win32
		{E6517380-A1C9-4335-8B4B-A1B8430431CA}.Debug|x64.ActiveCfg = Debug|x64
		{E6517380-A1C9-4335-8B4B-A1B8430431CA}.Debug|x64.Build.0 = Debug|x64
		{E6517380-A1C9-4335-8B4B-A1B8430431CA}.Debug|x86.ActiveCfg = Debug|Win32
		{E6517380-A1C9-4335-8B4B-A1B8430431CA}.Debug|x86.Build.0 = Debug|Win32
		{E6517380-A1C9-4335-8B4B-A1B8430431CA}.Release|x64.ActiveCfg = Release|x64
		{E6517380-A1C9-4335-8B4B-A1B8430431CA}.Release|x64.Build.0 = Release|x64
		{E6517380-A1C9-4335-8B4B-A1B8430431CA}.Release|x86.ActiveCfg = Release|Win32
		{E6517380-A1C9-4335-8B4B-A1B8430431CA}.Release|x86.Build.0 = Release|Win32
		{AC8D20EA-AA87-460F-8B67-F765B3D1042B}.Debug|x64.ActiveCfg = Debug|x64
		{AC8D20EA-AA87-460F-8B67-F765B3D1042B}.Debug|x64.Build.0 = Debug|x64
		{AC8D20EA-AA87-460F-8B67-F765B3D1042B}.Debug|x86.ActiveCfg = Debug|Win32
		{AC8D20EA-AA87-460F-8B67-F765B3D1042B}.Debug|x86.Build.0 = Debug|Win32
		{AC8D20EA-AA87-460F-8B67-F765B3D1042B}.Release|x64.ActiveCfg = Release|x64
		{AC8D20EA-AA87-460F-8B67-F765B3D1042B}.Release|x64.Build.0 = Release|x64
		{AC8D20EA-AA87-460F-8B67-F765B3D1042B}.Release|x86.ActiveCfg = Release|Win32
		{AC8D20EA-AA87-460F-8B67-F765B3D1042B}.Release|x86.Build.0 = Release|Win32
=======
=======
		{D6D99BE5-865D-4150-B1D1-015CEADB4AA5}.Debug|x64.ActiveCfg = Debug|x64
		{D6D99BE5-865D-4150-B1D1-015CEADB4AA5}.Debug|x64.Build.0 = Debug|x64
		{D6D99BE5-865D-4150-B1D1-015CEADB4AA5}.Debug|x86.ActiveCfg = Debug|Win32
		{D6D99BE5-865D-4150-B1D1-015CEADB4AA5}.Debug|x86.Build.0 = Debug|Win32
		{D6D99BE5-865D-4150-B1D1-015CEADB4AA5}.Release|x64.ActiveCfg = Release|x64
		{D6D99BE5-865D-4150-B1D1-015CEADB4AA5}.Release|x64.Build.0 = Release|x64
		{D6D99BE5-865D-4150-B1D1-015CEADB4AA5}.Release|x86.ActiveCfg = Release|Win32
		{D6D99BE5-865D-4150-B1D1-015CEADB4AA5}.Release|x86.Build.0 = Release|Win32
		{F0C755A4-468D-4DFA-A1A5-31291146AC01}.Debug|x64.ActiveCfg = Debug|x64
		{F0C755A4-468D-4DFA-A1A5-31291146AC01}.Debug|x64.Build.0 = Debug|x64
		{F0C755A4-468D-4DFA-A1A5-31291146AC01}.Debug|x86.ActiveCfg = Debug|Win32
		{F0C755A4-468D-4DFA-A1A5-31291146AC01}.Debug|x86.Build.0 = Debug|Win32
		{F0C755A4-468D-4DFA-A1A5-31291146AC01}.Release|x64.ActiveCfg = Release|x64
		{F0C755A4-468D-4DFA-A1A5-31291146AC01}.Release|x64.Build.0 = Release|x64
		{F0C755A4-468D-4DFA-A1A5-31291146AC01}.Release|x86.ActiveCfg = Release|Win32
		{F0C755A4-468D-4DFA-A1A5-31291146AC01}.Release|x86.Build.0 = Release|Win32
		{4E4C230B-E1C6-4031-A582-EC4CF25F72C9}.Debug|x64.ActiveCfg = Debug|x64
		{4E4C230B-E1C6-4031-A582-EC4CF25F72C9}.Debug|x64.Build.0 = Debug|x64
		{4E4C230B-E1C6-4031-A582-EC4CF25F72C9}.Debug|x86.ActiveCfg = Debug|Win32
		{4E4C230B-E1C6-4031-A582-EC4CF25F72C9}.Debug|x86.Build.0 = Debug|Win32
		{4E4C230B-E1C6-4031-A582-EC4CF25F72C9}.Release|x64.ActiveCfg = Release|x64
		{4E4C230B-E1C6-4031-A582-EC4CF25F72C9}.Release|x64.Build.0 = Release|x64
		{4E4C230B-E1C6-4031-A582-EC4CF25F72C9}.Release|x86.ActiveCfg = Release|Win32
		{4E4C230B-E1C6-4031-A582-EC4CF25F72C9}.Release|x86.Build.0 = Release|Win32
		{D2B49626-B750-4B83-85FB-676CDCE75896}.Debug|x64.ActiveCfg = Debug|x64
		{D2B49626-B750-4B83-85FB-676CDCE75896}.Debug|x64.Build.0 = Debug|x64
		{D2B49626-B750-4B83-85FB-676CDCE75896}.Debug|x86.ActiveCfg = Debug|Win32
		{D2B49626-B750-4B83-85FB-676CDCE75896}.Debug|x86.Build.0 = Debug|Win32
		{D2B49626-B750-4B83-85FB-676CDCE75896}.Release|x64.ActiveCfg = Release|x64
		{D2B49626-B750-4B83-85FB-676CDCE75896}.Release|x64.Build.0 = Release|x64
		{D2B49626-B750-4B83-85FB-676CDCE75896}.Release|x86.ActiveCfg = Release|Win32
		{D2B49626-B750-4B83-85FB-676CDCE75896}.Release|x86.Build.0 = Release|Win32
		{63F9D8E9-5E24-4D67-B29B-9F5BD47771FF}.Debug|x64.ActiveCfg = Debug|x64
		{63F9D8E9-5E24-4D67-B29B-9F5BD47771FF}.Debug|x64.Build.0 = Debug|x64
		{63F9D8E9-5E24-4D67-B29B-9F5BD47771FF}.Debug|x86.ActiveCfg = Debug|Win32
		{63F9D8E9-5E24-4D67-B29B-9F5BD47771FF}.Debug|x86.Build.0 = Debug|Win32
		{63F9D8E9-5E24-4D67-B29B-9F5BD47771FF}.Release|x64.ActiveCfg = Release|x64
		{63F9D8E9-5E24-4D67-B29B-9F5BD47771FF}.Release|x64.Build.0 = Release|x64
		{63F9D8E9-5E24-4D67-B29B-9F5BD47771FF}.Release|x86.ActiveCfg = Release|Win32
		{63F9D8E9-5E24-4D67-B29B-9F5BD47771FF}.Release|x86.Build.0 = Release|Win32
		{9F043A73-08C0-4673-BFE1-D43211093D44}.Debug|x64.ActiveCfg = Debug|x64
		{9F043A73-08C0-4673-BFE1-D43211093D44}.Debug|x64.Build.0 = Debug|x64
		{9F043A73-08C0-4673-BFE1-D43211093D44}.Debug|x86.ActiveCfg = Debug|Win32
		{9F043A73-08C0-4673-BFE1-D43211093D44}.Debug|x86.Build.0 = Debug|Win32
		{9F043A73-08C0-4673-BFE1-D43211093D44}.Release|x64.ActiveCfg = Release|x64
		{9F043A73-08C0-4673-BFE1-D43211093D44}.Release|x64.Build.0 = Release|x64
		{9F043A73-08C0-4673-BFE1-D43211093D44}.Release|x86.ActiveCfg = Release|Win32
		{9F043A73-08C0-4673-BFE1-D43211093D44}.Release|x86.Build.0 = Release|Win32
>>>>>>> 9e20d14904ff642581e431c3de5746e7ac3ea004
	EndGlobalSection
	GlobalSection(SolutionProperties) = preSolution
		HideSolutionNode = FALSE
	EndGlobalSection
	GlobalSection(ExtensibilityGlobals) = postSolution
		SolutionGuid = {2ADF0320-0A4C-44BB-B949-37FF13E328EC}
	EndGlobalSection
EndGlobal
